
Microsoft Visual Studio Solution File, Format Version 12.00
# Visual Studio Version 16
VisualStudioVersion = 16.0.31205.134
MinimumVisualStudioVersion = 10.0.40219.1
Project("{9A19103F-16F7-4668-BE54-9A1E7A4F7556}") = "GameForum.Web", "GameForum.Web\GameForum.Web.csproj", "{6EDABE57-056B-4BBE-8CE3-F46CDBDC39F6}"
EndProject
Project("{9A19103F-16F7-4668-BE54-9A1E7A4F7556}") = "GameForum.Model", "GameForum.Model\GameForum.Model.csproj", "{E871DE2E-F8B5-4322-93A3-CB5DFBA55A8C}"
EndProject
Project("{9A19103F-16F7-4668-BE54-9A1E7A4F7556}") = "GameForum.DAL", "GameForum.DAL\GameForum.DAL.csproj", "{7EF4FECC-C124-48E3-A538-9C22F5B0CFF0}"
EndProject
Project("{9A19103F-16F7-4668-BE54-9A1E7A4F7556}") = "GameForum.ViewModel", "GameForum.ViewModel\GameForum.ViewModel.csproj", "{532CD015-EFC8-45E2-A0E4-02C71C23F592}"
EndProject
Project("{FAE04EC0-301F-11D3-BF4B-00C04F79EFBC}") = "GameForum.Helper", "GameForum.Helper\GameForum.Helper.csproj", "{211327D2-69FB-4F95-9F20-C8C677E1DCA4}"
EndProject
Global
	GlobalSection(SolutionConfigurationPlatforms) = preSolution
		Debug|Any CPU = Debug|Any CPU
		Release|Any CPU = Release|Any CPU
	EndGlobalSection
	GlobalSection(ProjectConfigurationPlatforms) = postSolution
		{6EDABE57-056B-4BBE-8CE3-F46CDBDC39F6}.Debug|Any CPU.ActiveCfg = Debug|Any CPU
		{6EDABE57-056B-4BBE-8CE3-F46CDBDC39F6}.Debug|Any CPU.Build.0 = Debug|Any CPU
		{6EDABE57-056B-4BBE-8CE3-F46CDBDC39F6}.Release|Any CPU.ActiveCfg = Release|Any CPU
		{6EDABE57-056B-4BBE-8CE3-F46CDBDC39F6}.Release|Any CPU.Build.0 = Release|Any CPU
		{E871DE2E-F8B5-4322-93A3-CB5DFBA55A8C}.Debug|Any CPU.ActiveCfg = Debug|Any CPU
		{E871DE2E-F8B5-4322-93A3-CB5DFBA55A8C}.Debug|Any CPU.Build.0 = Debug|Any CPU
		{E871DE2E-F8B5-4322-93A3-CB5DFBA55A8C}.Release|Any CPU.ActiveCfg = Release|Any CPU
		{E871DE2E-F8B5-4322-93A3-CB5DFBA55A8C}.Release|Any CPU.Build.0 = Release|Any CPU
		{7EF4FECC-C124-48E3-A538-9C22F5B0CFF0}.Debug|Any CPU.ActiveCfg = Debug|Any CPU
		{7EF4FECC-C124-48E3-A538-9C22F5B0CFF0}.Debug|Any CPU.Build.0 = Debug|Any CPU
		{7EF4FECC-C124-48E3-A538-9C22F5B0CFF0}.Release|Any CPU.ActiveCfg = Release|Any CPU
		{7EF4FECC-C124-48E3-A538-9C22F5B0CFF0}.Release|Any CPU.Build.0 = Release|Any CPU
		{532CD015-EFC8-45E2-A0E4-02C71C23F592}.Debug|Any CPU.ActiveCfg = Debug|Any CPU
		{532CD015-EFC8-45E2-A0E4-02C71C23F592}.Debug|Any CPU.Build.0 = Debug|Any CPU
		{532CD015-EFC8-45E2-A0E4-02C71C23F592}.Release|Any CPU.ActiveCfg = Release|Any CPU
		{532CD015-EFC8-45E2-A0E4-02C71C23F592}.Release|Any CPU.Build.0 = Release|Any CPU
		{211327D2-69FB-4F95-9F20-C8C677E1DCA4}.Debug|Any CPU.ActiveCfg = Debug|Any CPU
		{211327D2-69FB-4F95-9F20-C8C677E1DCA4}.Debug|Any CPU.Build.0 = Debug|Any CPU
		{211327D2-69FB-4F95-9F20-C8C677E1DCA4}.Release|Any CPU.ActiveCfg = Release|Any CPU
		{211327D2-69FB-4F95-9F20-C8C677E1DCA4}.Release|Any CPU.Build.0 = Release|Any CPU
	EndGlobalSection
	GlobalSection(SolutionProperties) = preSolution
		HideSolutionNode = FALSE
	EndGlobalSection
	GlobalSection(ExtensibilityGlobals) = postSolution
		SolutionGuid = {32AEAABF-6BFA-4C0C-9041-E58C5B42065C}
	EndGlobalSection
EndGlobal
